
Microsoft Visual Studio Solution File, Format Version 12.00
# Visual Studio 15
VisualStudioVersion = 15.0.28306.52
MinimumVisualStudioVersion = 10.0.40219.1
Project("{FAE04EC0-301F-11D3-BF4B-00C04F79EFBC}") = "Calculator", "Calculator\Calculator.csproj", "{48EB3424-D6E0-473C-B061-1D0E8C5BE88C}"
EndProject
Project("{FAE04EC0-301F-11D3-BF4B-00C04F79EFBC}") = "CalculatorTests", "NUnitTestProject1\CalculatorTests.csproj", "{15EA55FA-F305-4218-9576-34798BECE247}"
EndProject
Global
	GlobalSection(SolutionConfigurationPlatforms) = preSolution
		Debug|Any CPU = Debug|Any CPU
		Release|Any CPU = Release|Any CPU
	EndGlobalSection
	GlobalSection(ProjectConfigurationPlatforms) = postSolution
		{48EB3424-D6E0-473C-B061-1D0E8C5BE88C}.Debug|Any CPU.ActiveCfg = Debug|Any CPU
		{48EB3424-D6E0-473C-B061-1D0E8C5BE88C}.Debug|Any CPU.Build.0 = Debug|Any CPU
		{48EB3424-D6E0-473C-B061-1D0E8C5BE88C}.Release|Any CPU.ActiveCfg = Release|Any CPU
		{48EB3424-D6E0-473C-B061-1D0E8C5BE88C}.Release|Any CPU.Build.0 = Release|Any CPU
		{15EA55FA-F305-4218-9576-34798BECE247}.Debug|Any CPU.ActiveCfg = Debug|Any CPU
		{15EA55FA-F305-4218-9576-34798BECE247}.Debug|Any CPU.Build.0 = Debug|Any CPU
		{15EA55FA-F305-4218-9576-34798BECE247}.Release|Any CPU.ActiveCfg = Release|Any CPU
		{15EA55FA-F305-4218-9576-34798BECE247}.Release|Any CPU.Build.0 = Release|Any CPU
	EndGlobalSection
	GlobalSection(SolutionProperties) = preSolution
		HideSolutionNode = FALSE
	EndGlobalSection
	GlobalSection(ExtensibilityGlobals) = postSolution
		SolutionGuid = {A3C58F93-AE8A-48CB-BB51-D2A90385042F}
	EndGlobalSection
EndGlobal
